
Microsoft Visual Studio Solution File, Format Version 12.00
# Visual Studio Version 17
VisualStudioVersion = 17.14.36518.9 d17.14
MinimumVisualStudioVersion = 10.0.40219.1
Project("{FAE04EC0-301F-11D3-BF4B-00C04F79EFBC}") = "kt10.1", "kt10.1\kt10.1.csproj", "{430F2E4B-28BF-47D6-A147-DEC6C5DC13CB}"
EndProject
Global
	GlobalSection(SolutionConfigurationPlatforms) = preSolution
		Debug|Any CPU = Debug|Any CPU
		Release|Any CPU = Release|Any CPU
	EndGlobalSection
	GlobalSection(ProjectConfigurationPlatforms) = postSolution
		{430F2E4B-28BF-47D6-A147-DEC6C5DC13CB}.Debug|Any CPU.ActiveCfg = Debug|Any CPU
		{430F2E4B-28BF-47D6-A147-DEC6C5DC13CB}.Debug|Any CPU.Build.0 = Debug|Any CPU
		{430F2E4B-28BF-47D6-A147-DEC6C5DC13CB}.Release|Any CPU.ActiveCfg = Release|Any CPU
		{430F2E4B-28BF-47D6-A147-DEC6C5DC13CB}.Release|Any CPU.Build.0 = Release|Any CPU
	EndGlobalSection
	GlobalSection(SolutionProperties) = preSolution
		HideSolutionNode = FALSE
	EndGlobalSection
	GlobalSection(ExtensibilityGlobals) = postSolution
		SolutionGuid = {3284C4ED-B9B3-441B-8196-B8A0B21BF80F}
	EndGlobalSection
EndGlobal
