
Microsoft Visual Studio Solution File, Format Version 12.00
# Visual Studio Version 17
VisualStudioVersion = 17.14.36518.9 d17.14
MinimumVisualStudioVersion = 10.0.40219.1
Project("{FAE04EC0-301F-11D3-BF4B-00C04F79EFBC}") = "kt10.3", "kt10.3\kt10.3.csproj", "{374BBD9F-063B-499A-A54B-E3AD5EA657DF}"
EndProject
Global
	GlobalSection(SolutionConfigurationPlatforms) = preSolution
		Debug|Any CPU = Debug|Any CPU
		Release|Any CPU = Release|Any CPU
	EndGlobalSection
	GlobalSection(ProjectConfigurationPlatforms) = postSolution
		{374BBD9F-063B-499A-A54B-E3AD5EA657DF}.Debug|Any CPU.ActiveCfg = Debug|Any CPU
		{374BBD9F-063B-499A-A54B-E3AD5EA657DF}.Debug|Any CPU.Build.0 = Debug|Any CPU
		{374BBD9F-063B-499A-A54B-E3AD5EA657DF}.Release|Any CPU.ActiveCfg = Release|Any CPU
		{374BBD9F-063B-499A-A54B-E3AD5EA657DF}.Release|Any CPU.Build.0 = Release|Any CPU
	EndGlobalSection
	GlobalSection(SolutionProperties) = preSolution
		HideSolutionNode = FALSE
	EndGlobalSection
	GlobalSection(ExtensibilityGlobals) = postSolution
		SolutionGuid = {C68BF2DE-9760-49F5-9CF9-FB8DE9585483}
	EndGlobalSection
EndGlobal
